
Microsoft Visual Studio Solution File, Format Version 12.00
# Visual Studio Version 17
VisualStudioVersion = 17.10.34928.147
MinimumVisualStudioVersion = 10.0.40219.1
Project("{9A19103F-16F7-4668-BE54-9A1E7A4F7556}") = "MainLeetCodeAPP", "MainLeetCodeAPP.csproj", "{2F2AC31B-D3B1-42A7-84A1-876D4CDAF74D}"
EndProject
Project("{9A19103F-16F7-4668-BE54-9A1E7A4F7556}") = "2.AddTwoNumbers", "..\2.AddTwoNumbers\2.AddTwoNumbers.csproj", "{A581D6B4-5097-4915-A5AF-50142013907F}"
EndProject
Project("{9A19103F-16F7-4668-BE54-9A1E7A4F7556}") = "9.PalindromeNumber", "..\9.PalindromeNumber\9.PalindromeNumber.csproj", "{7FFB89FF-A517-41B0-A8E2-2F1A78208902}"
EndProject
Project("{9A19103F-16F7-4668-BE54-9A1E7A4F7556}") = "344.ReverseString", "..\344.ReverseString\344.ReverseString.csproj", "{895E8D55-55F1-4957-A200-6FA2F6522FA1}"
EndProject
Project("{9A19103F-16F7-4668-BE54-9A1E7A4F7556}") = "3.LongestSubstringWithoutRepeatingCharacters", "..\3.LongestSubstringWithoutRepeatingCharacters\3.LongestSubstringWithoutRepeatingCharacters.csproj", "{AF7B286D-510C-49F0-B8C6-25D98E3979A3}"
EndProject
Project("{9A19103F-16F7-4668-BE54-9A1E7A4F7556}") = "14.LogestCommonPrefix", "..\14.LogestCommonPrefix\14.LogestCommonPrefix.csproj", "{5842B760-DA25-4286-8001-D58C6F1DF0A5}"
EndProject
Project("{FAE04EC0-301F-11D3-BF4B-00C04F79EFBC}") = "13.RomanToInteger", "..\13.RomanToInteger\13.RomanToInteger.csproj", "{27C8F20B-7388-48DC-8F17-AEFC47D76570}"
EndProject
Global
	GlobalSection(SolutionConfigurationPlatforms) = preSolution
		Debug|Any CPU = Debug|Any CPU
		Release|Any CPU = Release|Any CPU
	EndGlobalSection
	GlobalSection(ProjectConfigurationPlatforms) = postSolution
		{2F2AC31B-D3B1-42A7-84A1-876D4CDAF74D}.Debug|Any CPU.ActiveCfg = Debug|Any CPU
		{2F2AC31B-D3B1-42A7-84A1-876D4CDAF74D}.Debug|Any CPU.Build.0 = Debug|Any CPU
		{2F2AC31B-D3B1-42A7-84A1-876D4CDAF74D}.Release|Any CPU.ActiveCfg = Release|Any CPU
		{2F2AC31B-D3B1-42A7-84A1-876D4CDAF74D}.Release|Any CPU.Build.0 = Release|Any CPU
		{A581D6B4-5097-4915-A5AF-50142013907F}.Debug|Any CPU.ActiveCfg = Debug|Any CPU
		{A581D6B4-5097-4915-A5AF-50142013907F}.Debug|Any CPU.Build.0 = Debug|Any CPU
		{A581D6B4-5097-4915-A5AF-50142013907F}.Release|Any CPU.ActiveCfg = Release|Any CPU
		{A581D6B4-5097-4915-A5AF-50142013907F}.Release|Any CPU.Build.0 = Release|Any CPU
		{7FFB89FF-A517-41B0-A8E2-2F1A78208902}.Debug|Any CPU.ActiveCfg = Debug|Any CPU
		{7FFB89FF-A517-41B0-A8E2-2F1A78208902}.Debug|Any CPU.Build.0 = Debug|Any CPU
		{7FFB89FF-A517-41B0-A8E2-2F1A78208902}.Release|Any CPU.ActiveCfg = Release|Any CPU
		{7FFB89FF-A517-41B0-A8E2-2F1A78208902}.Release|Any CPU.Build.0 = Release|Any CPU
		{895E8D55-55F1-4957-A200-6FA2F6522FA1}.Debug|Any CPU.ActiveCfg = Debug|Any CPU
		{895E8D55-55F1-4957-A200-6FA2F6522FA1}.Debug|Any CPU.Build.0 = Debug|Any CPU
		{895E8D55-55F1-4957-A200-6FA2F6522FA1}.Release|Any CPU.ActiveCfg = Release|Any CPU
		{895E8D55-55F1-4957-A200-6FA2F6522FA1}.Release|Any CPU.Build.0 = Release|Any CPU
		{AF7B286D-510C-49F0-B8C6-25D98E3979A3}.Debug|Any CPU.ActiveCfg = Debug|Any CPU
		{AF7B286D-510C-49F0-B8C6-25D98E3979A3}.Debug|Any CPU.Build.0 = Debug|Any CPU
		{AF7B286D-510C-49F0-B8C6-25D98E3979A3}.Release|Any CPU.ActiveCfg = Release|Any CPU
		{AF7B286D-510C-49F0-B8C6-25D98E3979A3}.Release|Any CPU.Build.0 = Release|Any CPU
		{5842B760-DA25-4286-8001-D58C6F1DF0A5}.Debug|Any CPU.ActiveCfg = Debug|Any CPU
		{5842B760-DA25-4286-8001-D58C6F1DF0A5}.Debug|Any CPU.Build.0 = Debug|Any CPU
		{5842B760-DA25-4286-8001-D58C6F1DF0A5}.Release|Any CPU.ActiveCfg = Release|Any CPU
		{5842B760-DA25-4286-8001-D58C6F1DF0A5}.Release|Any CPU.Build.0 = Release|Any CPU
		{27C8F20B-7388-48DC-8F17-AEFC47D76570}.Debug|Any CPU.ActiveCfg = Debug|Any CPU
		{27C8F20B-7388-48DC-8F17-AEFC47D76570}.Debug|Any CPU.Build.0 = Debug|Any CPU
		{27C8F20B-7388-48DC-8F17-AEFC47D76570}.Release|Any CPU.ActiveCfg = Release|Any CPU
		{27C8F20B-7388-48DC-8F17-AEFC47D76570}.Release|Any CPU.Build.0 = Release|Any CPU
	EndGlobalSection
	GlobalSection(SolutionProperties) = preSolution
		HideSolutionNode = FALSE
	EndGlobalSection
	GlobalSection(ExtensibilityGlobals) = postSolution
		SolutionGuid = {47256863-CA3D-4C66-9B8A-DEB50EDAC790}
	EndGlobalSection
EndGlobal
